{
    "_readme": [
        "This file locks the dependencies of your project to a known state",
        "Read more about it at https://getcomposer.org/doc/01-basic-usage.md#installing-dependencies",
        "This file is @generated automatically"
    ],
    "content-hash": "f38627ee1d3509a119f6d0a877c472ab",
    "packages": [
        {
            "name": "ezyang/htmlpurifier",
            "version": "v4.12.0",
            "source": {
                "type": "git",
                "url": "https://github.com/ezyang/htmlpurifier.git",
                "reference": "a617e55bc62a87eec73bd456d146d134ad716f03"
            },
            "dist": {
                "type": "zip",
                "url": "https://api.github.com/repos/ezyang/htmlpurifier/zipball/a617e55bc62a87eec73bd456d146d134ad716f03",
                "reference": "a617e55bc62a87eec73bd456d146d134ad716f03",
                "shasum": ""
            },
            "require": {
                "php": ">=5.2"
            },
            "require-dev": {
                "simpletest/simpletest": "dev-master#72de02a7b80c6bb8864ef9bf66d41d2f58f826bd"
            },
            "type": "library",
            "autoload": {
                "psr-0": {
                    "HTMLPurifier": "library/"
                },
                "files": [
                    "library/HTMLPurifier.composer.php"
                ]
            },
            "notification-url": "https://packagist.org/downloads/",
            "license": [
                "LGPL-2.1-or-later"
            ],
            "authors": [
                {
                    "name": "Edward Z. Yang",
                    "email": "admin@htmlpurifier.org",
                    "homepage": "http://ezyang.com"
                }
            ],
            "description": "Standards compliant HTML filter written in PHP",
            "homepage": "http://htmlpurifier.org/",
            "keywords": [
                "html"
            ],
            "time": "2019-10-28T03:44:26+00:00"
        },
        {
            "name": "gasparesganga/php-shapefile",
            "version": "v3.1.1",
            "source": {
                "type": "git",
                "url": "https://github.com/gasparesganga/php-shapefile.git",
                "reference": "491367b1380417f6da99755a3ab614b441c06dbf"
            },
            "dist": {
                "type": "zip",
                "url": "https://api.github.com/repos/gasparesganga/php-shapefile/zipball/491367b1380417f6da99755a3ab614b441c06dbf",
                "reference": "491367b1380417f6da99755a3ab614b441c06dbf",
                "shasum": ""
            },
            "require": {
                "php": ">=5.4.0"
            },
            "type": "library",
            "autoload": {
                "psr-4": {
                    "Shapefile\\": "src/Shapefile/"
                }
            },
            "notification-url": "https://packagist.org/downloads/",
            "license": [
                "MIT"
            ],
            "authors": [
                {
                    "name": "Gaspare Sganga",
                    "email": "contact@gasparesganga.com",
                    "homepage": "https://gasparesganga.com/labs/php-shapefile/",
                    "role": "Developer"
                }
            ],
            "description": "PHP library to read and write ESRI Shapefiles, compatible with WKT and GeoJSON",
            "homepage": "https://gasparesganga.com/labs/php-shapefile/",
            "keywords": [
                "ESRI",
                "Shapefile",
                "dbf",
                "geojson",
                "shape",
                "shp",
                "wkt"
            ],
            "time": "2019-11-10T06:58:16+00:00"
        },
        {
            "name": "phayes/geophp",
            "version": "1.2",
            "source": {
                "type": "git",
                "url": "https://github.com/phayes/geoPHP.git",
                "reference": "015404e85b602e0df1f91441f8db0f9e98f7e567"
            },
            "dist": {
                "type": "zip",
                "url": "https://api.github.com/repos/phayes/geoPHP/zipball/015404e85b602e0df1f91441f8db0f9e98f7e567",
                "reference": "015404e85b602e0df1f91441f8db0f9e98f7e567",
                "shasum": ""
            },
            "require-dev": {
                "phpunit/phpunit": "4.1.*"
            },
            "type": "library",
            "autoload": {
                "classmap": [
                    "geoPHP.inc"
                ]
            },
            "notification-url": "https://packagist.org/downloads/",
            "license": [
                "GPL-2 or New-BSD"
            ],
            "authors": [
                {
                    "name": "Patrick Hayes"
                }
            ],
            "description": "GeoPHP is a open-source native PHP library for doing geometry operations. It is written entirely in PHP and can therefore run on shared hosts. It can read and write a wide variety of formats: WKT (including EWKT), WKB (including EWKB), GeoJSON, KML, GPX, GeoRSS). It works with all Simple-Feature geometries (Point, LineString, Polygon, GeometryCollection etc.) and can be used to get centroids, bounding-boxes, area, and a wide variety of other useful information.",
            "homepage": "https://github.com/phayes/geoPHP",
            "time": "2014-12-02T06:11:22+00:00"
        },
        {
            "name": "phpmailer/phpmailer",
            "version": "v6.1.6",
            "source": {
                "type": "git",
                "url": "https://github.com/PHPMailer/PHPMailer.git",
                "reference": "c2796cb1cb99d7717290b48c4e6f32cb6c60b7b3"
            },
            "dist": {
                "type": "zip",
                "url": "https://api.github.com/repos/PHPMailer/PHPMailer/zipball/c2796cb1cb99d7717290b48c4e6f32cb6c60b7b3",
                "reference": "c2796cb1cb99d7717290b48c4e6f32cb6c60b7b3",
                "shasum": ""
            },
            "require": {
                "ext-ctype": "*",
                "ext-filter": "*",
                "php": ">=5.5.0"
            },
            "require-dev": {
                "doctrine/annotations": "^1.2",
                "friendsofphp/php-cs-fixer": "^2.2",
                "phpunit/phpunit": "^4.8 || ^5.7"
            },
            "suggest": {
                "ext-mbstring": "Needed to send email in multibyte encoding charset",
                "hayageek/oauth2-yahoo": "Needed for Yahoo XOAUTH2 authentication",
                "league/oauth2-google": "Needed for Google XOAUTH2 authentication",
                "psr/log": "For optional PSR-3 debug logging",
                "stevenmaguire/oauth2-microsoft": "Needed for Microsoft XOAUTH2 authentication",
                "symfony/polyfill-mbstring": "To support UTF-8 if the Mbstring PHP extension is not enabled (^1.2)"
            },
            "type": "library",
            "autoload": {
                "psr-4": {
                    "PHPMailer\\PHPMailer\\": "src/"
                }
            },
            "notification-url": "https://packagist.org/downloads/",
            "license": [
                "LGPL-2.1-only"
            ],
            "authors": [
                {
                    "name": "Marcus Bointon",
                    "email": "phpmailer@synchromedia.co.uk"
                },
                {
                    "name": "Jim Jagielski",
                    "email": "jimjag@gmail.com"
                },
                {
                    "name": "Andy Prevost",
                    "email": "codeworxtech@users.sourceforge.net"
                },
                {
                    "name": "Brent R. Matzelle"
                }
            ],
            "description": "PHPMailer is a full-featured email creation and transfer class for PHP",
            "time": "2020-05-27T12:24:03+00:00"
        },
        {
            "name": "smalot/pdfparser",
            "version": "v0.14.0",
            "source": {
                "type": "git",
                "url": "https://github.com/smalot/pdfparser.git",
                "reference": "ec72a99028ba5e21a0acad92047b85e128cbf81f"
            },
            "dist": {
                "type": "zip",
                "url": "https://api.github.com/repos/smalot/pdfparser/zipball/ec72a99028ba5e21a0acad92047b85e128cbf81f",
                "reference": "ec72a99028ba5e21a0acad92047b85e128cbf81f",
                "shasum": ""
            },
            "require": {
                "ext-mbstring": "*",
                "ext-zlib": "*",
                "php": ">=5.3.0",
                "tecnickcom/tcpdf": "~6.0"
            },
            "require-dev": {
                "atoum/atoum": "^2.8 | ^3.0"
            },
            "type": "library",
            "autoload": {
                "psr-0": {
                    "Smalot\\PdfParser\\": "src/"
                }
            },
            "notification-url": "https://packagist.org/downloads/",
            "license": [
                "LGPL-3.0"
            ],
            "authors": [
                {
                    "name": "Sebastien Malot",
                    "email": "sebastien@malot.fr"
                }
            ],
            "description": "Pdf parser library. Can read and extract information from pdf file.",
            "homepage": "http://www.pdfparser.org",
            "keywords": [
                "extract",
                "parse",
                "parser",
                "pdf",
                "text"
            ],
            "time": "2019-01-23T09:14:37+00:00"
        },
        {
            "name": "smarty/smarty",
            "version": "v3.1.34",
            "source": {
                "type": "git",
                "url": "https://github.com/smarty-php/smarty.git",
                "reference": "c9f0de05f41b9e52798b268ab1e625fac3b8578c"
            },
            "dist": {
                "type": "zip",
                "url": "https://api.github.com/repos/smarty-php/smarty/zipball/c9f0de05f41b9e52798b268ab1e625fac3b8578c",
                "reference": "c9f0de05f41b9e52798b268ab1e625fac3b8578c",
                "shasum": ""
            },
            "require": {
                "php": ">=5.2"
            },
            "require-dev": {
                "phpunit/phpunit": "6.4.1"
            },
            "type": "library",
            "extra": {
                "branch-alias": {
                    "dev-master": "3.1.x-dev"
                }
            },
            "autoload": {
                "classmap": [
                    "libs/"
                ]
            },
            "notification-url": "https://packagist.org/downloads/",
            "license": [
                "LGPL-3.0"
            ],
            "authors": [
                {
                    "name": "Monte Ohrt",
                    "email": "monte@ohrt.com"
                },
                {
                    "name": "Uwe Tews",
                    "email": "uwe.tews@googlemail.com"
                },
                {
                    "name": "Rodney Rehm",
                    "email": "rodney.rehm@medialize.de"
                }
            ],
            "description": "Smarty - the compiling PHP template engine",
            "homepage": "http://www.smarty.net",
            "keywords": [
                "templating"
            ],
            "time": "2019-02-28T06:42:20+00:00"
        },
        {
            "name": "tecnickcom/tcpdf",
            "version": "6.3.2",
            "source": {
                "type": "git",
                "url": "https://github.com/tecnickcom/TCPDF.git",
                "reference": "9fde7bb9b404b945e7ea88fb7eccd23d9a4e324b"
            },
            "dist": {
                "type": "zip",
                "url": "https://api.github.com/repos/tecnickcom/TCPDF/zipball/9fde7bb9b404b945e7ea88fb7eccd23d9a4e324b",
                "reference": "9fde7bb9b404b945e7ea88fb7eccd23d9a4e324b",
                "shasum": ""
            },
            "require": {
                "php": ">=5.3.0"
            },
            "type": "library",
            "autoload": {
                "classmap": [
                    "config",
                    "include",
                    "tcpdf.php",
                    "tcpdf_parser.php",
                    "tcpdf_import.php",
                    "tcpdf_barcodes_1d.php",
                    "tcpdf_barcodes_2d.php",
                    "include/tcpdf_colors.php",
                    "include/tcpdf_filters.php",
                    "include/tcpdf_font_data.php",
                    "include/tcpdf_fonts.php",
                    "include/tcpdf_images.php",
                    "include/tcpdf_static.php",
                    "include/barcodes/datamatrix.php",
                    "include/barcodes/pdf417.php",
                    "include/barcodes/qrcode.php"
                ]
            },
            "notification-url": "https://packagist.org/downloads/",
            "license": [
                "LGPL-3.0"
            ],
            "authors": [
                {
                    "name": "Nicola Asuni",
                    "email": "info@tecnick.com",
                    "role": "lead"
                }
            ],
            "description": "TCPDF is a PHP class for generating PDF documents and barcodes.",
            "homepage": "http://www.tcpdf.org/",
            "keywords": [
                "PDFD32000-2008",
                "TCPDF",
                "barcodes",
                "datamatrix",
                "pdf",
                "pdf417",
                "qrcode"
            ],
            "time": "2019-09-20T09:35:01+00:00"
        }
    ],
    "packages-dev": [],
    "aliases": [],
    "minimum-stability": "stable",
    "stability-flags": [],
    "prefer-stable": false,
    "prefer-lowest": false,
    "platform": [],
    "platform-dev": []
}
